{
  "pins" : [
    {
      "identity" : "cubefoundation-ios",
      "kind" : "remoteSourceControl",
      "location" : "https://github.com/3sidedcube/cubefoundation-ios.git",
      "state" : {
        "branch" : "develop",
        "revision" : "fa2ee709e9117a97b36965a02cdc7ce243351912"
      }
    }
  ],
  "version" : 2
}
