{
  "pins" : [
    {
      "identity" : "cubefoundation-ios",
      "kind" : "remoteSourceControl",
      "location" : "https://github.com/3sidedcube/cubefoundation-ios.git",
      "state" : {
        "branch" : "feature/text-scaling",
        "revision" : "48dc31fe0e9b668d283f978f0f5122b9826c4610"
      }
    }
  ],
  "version" : 2
}
