{
  "pins" : [
    {
      "identity" : "cubefoundation-ios",
      "kind" : "remoteSourceControl",
      "location" : "https://github.com/3sidedcube/cubefoundation-ios.git",
      "state" : {
        "branch" : "feature/system-font",
        "revision" : "5d4a37498f4e8f88a85a2831bcbafd2f8404de98"
      }
    }
  ],
  "version" : 2
}
